
Microsoft Visual Studio Solution File, Format Version 12.00
# Visual Studio 15
Project("{FAE04EC0-301F-11D3-BF4B-00C04F79EFBC}") = "SoccerRehabilitationSystem.Plugins", "SoccerRehabilitationSystem.Plugins.csproj", "{4D62F536-56F7-F450-8184-35A836662E2B}"
EndProject
Project("{FAE04EC0-301F-11D3-BF4B-00C04F79EFBC}") = "SoccerRehabilitationSystem", "SoccerRehabilitationSystem.csproj", "{9333CCEB-F00B-7B32-AF6B-24BE0ED46533}"
EndProject
Project("{FAE04EC0-301F-11D3-BF4B-00C04F79EFBC}") = "SoccerRehabilitationSystem.Editor", "SoccerRehabilitationSystem.Editor.csproj", "{59D38D24-1D73-BADC-A98A-468D0DCDD82A}"
EndProject
Project("{FAE04EC0-301F-11D3-BF4B-00C04F79EFBC}") = "SoccerRehabilitationSystem.Editor.Plugins", "SoccerRehabilitationSystem.Editor.Plugins.csproj", "{E33F925E-D251-3FB5-3C34-7B4335C2241C}"
EndProject
Global
	GlobalSection(SolutionConfigurationPlatforms) = preSolution
		Debug|Any CPU = Debug|Any CPU
		Release|Any CPU = Release|Any CPU
	EndGlobalSection
	GlobalSection(ProjectConfigurationPlatforms) = postSolution
		{4D62F536-56F7-F450-8184-35A836662E2B}.Debug|Any CPU.ActiveCfg = Debug|Any CPU
		{4D62F536-56F7-F450-8184-35A836662E2B}.Debug|Any CPU.Build.0 = Debug|Any CPU
		{4D62F536-56F7-F450-8184-35A836662E2B}.Release|Any CPU.ActiveCfg = Release|Any CPU
		{4D62F536-56F7-F450-8184-35A836662E2B}.Release|Any CPU.Build.0 = Release|Any CPU
		{9333CCEB-F00B-7B32-AF6B-24BE0ED46533}.Debug|Any CPU.ActiveCfg = Debug|Any CPU
		{9333CCEB-F00B-7B32-AF6B-24BE0ED46533}.Debug|Any CPU.Build.0 = Debug|Any CPU
		{9333CCEB-F00B-7B32-AF6B-24BE0ED46533}.Release|Any CPU.ActiveCfg = Release|Any CPU
		{9333CCEB-F00B-7B32-AF6B-24BE0ED46533}.Release|Any CPU.Build.0 = Release|Any CPU
		{59D38D24-1D73-BADC-A98A-468D0DCDD82A}.Debug|Any CPU.ActiveCfg = Debug|Any CPU
		{59D38D24-1D73-BADC-A98A-468D0DCDD82A}.Debug|Any CPU.Build.0 = Debug|Any CPU
		{59D38D24-1D73-BADC-A98A-468D0DCDD82A}.Release|Any CPU.ActiveCfg = Release|Any CPU
		{59D38D24-1D73-BADC-A98A-468D0DCDD82A}.Release|Any CPU.Build.0 = Release|Any CPU
		{E33F925E-D251-3FB5-3C34-7B4335C2241C}.Debug|Any CPU.ActiveCfg = Debug|Any CPU
		{E33F925E-D251-3FB5-3C34-7B4335C2241C}.Debug|Any CPU.Build.0 = Debug|Any CPU
		{E33F925E-D251-3FB5-3C34-7B4335C2241C}.Release|Any CPU.ActiveCfg = Release|Any CPU
		{E33F925E-D251-3FB5-3C34-7B4335C2241C}.Release|Any CPU.Build.0 = Release|Any CPU
	EndGlobalSection
	GlobalSection(SolutionProperties) = preSolution
		HideSolutionNode = FALSE
	EndGlobalSection
EndGlobal
